
Microsoft Visual Studio Solution File, Format Version 12.00
# Visual Studio Version 17
VisualStudioVersion = 17.7.34202.233
MinimumVisualStudioVersion = 10.0.40219.1
Project("{FAE04EC0-301F-11D3-BF4B-00C04F79EFBC}") = "MemoryGame", "MemoryGame\MemoryGame.csproj", "{F2BF3F2D-5234-4C82-BDAC-1F83459A360C}"
EndProject
Global
	GlobalSection(SolutionConfigurationPlatforms) = preSolution
		Debug|Any CPU = Debug|Any CPU
		Release|Any CPU = Release|Any CPU
	EndGlobalSection
	GlobalSection(ProjectConfigurationPlatforms) = postSolution
		{F2BF3F2D-5234-4C82-BDAC-1F83459A360C}.Debug|Any CPU.ActiveCfg = Debug|Any CPU
		{F2BF3F2D-5234-4C82-BDAC-1F83459A360C}.Debug|Any CPU.Build.0 = Debug|Any CPU
		{F2BF3F2D-5234-4C82-BDAC-1F83459A360C}.Release|Any CPU.ActiveCfg = Release|Any CPU
		{F2BF3F2D-5234-4C82-BDAC-1F83459A360C}.Release|Any CPU.Build.0 = Release|Any CPU
	EndGlobalSection
	GlobalSection(SolutionProperties) = preSolution
		HideSolutionNode = FALSE
	EndGlobalSection
	GlobalSection(ExtensibilityGlobals) = postSolution
		SolutionGuid = {18925D82-380E-44F7-BE49-C10E14C2C2AC}
	EndGlobalSection
EndGlobal
